
Microsoft Visual Studio Solution File, Format Version 12.00
# Visual Studio 15
Project("{FAE04EC0-301F-11D3-BF4B-00C04F79EFBC}") = "03Exercise7", "03Exercise7\03Exercise7.csproj", "{4C6938B6-590D-43C7-8018-8D4E053A5D46}"
EndProject
Global
	GlobalSection(SolutionConfigurationPlatforms) = preSolution
		Debug|anycpu = Debug|anycpu
		Release|anycpu = Release|anycpu
	EndGlobalSection
	GlobalSection(ProjectConfigurationPlatforms) = postSolution
		{4C6938B6-590D-43C7-8018-8D4E053A5D46}.Debug|anycpu.ActiveCfg = Debug|anycpu
		{4C6938B6-590D-43C7-8018-8D4E053A5D46}.Debug|anycpu.Build.0 = Debug|anycpu
		{4C6938B6-590D-43C7-8018-8D4E053A5D46}.Release|anycpu.ActiveCfg = Release|anycpu
		{4C6938B6-590D-43C7-8018-8D4E053A5D46}.Release|anycpu.Build.0 = Release|anycpu
	EndGlobalSection
EndGlobal
