
Microsoft Visual Studio Solution File, Format Version 12.00
# Visual Studio 15
Project("{FAE04EC0-301F-11D3-BF4B-00C04F79EFBC}") = "DesigningAndBuilding", "DesigningAndBuilding\DesigningAndBuilding.csproj", "{2F2CD248-C8CA-4512-8899-E9E690A4AF21}"
EndProject
Global
	GlobalSection(SolutionConfigurationPlatforms) = preSolution
		Debug|anycpu = Debug|anycpu
		Release|anycpu = Release|anycpu
	EndGlobalSection
	GlobalSection(ProjectConfigurationPlatforms) = postSolution
		{2F2CD248-C8CA-4512-8899-E9E690A4AF21}.Debug|anycpu.ActiveCfg = Debug|anycpu
		{2F2CD248-C8CA-4512-8899-E9E690A4AF21}.Debug|anycpu.Build.0 = Debug|anycpu
		{2F2CD248-C8CA-4512-8899-E9E690A4AF21}.Release|anycpu.ActiveCfg = Release|anycpu
		{2F2CD248-C8CA-4512-8899-E9E690A4AF21}.Release|anycpu.Build.0 = Release|anycpu
	EndGlobalSection
EndGlobal
